
Microsoft Visual Studio Solution File, Format Version 12.00
# Visual Studio Version 17
VisualStudioVersion = 17.11.35327.3
MinimumVisualStudioVersion = 10.0.40219.1
Project("{FAE04EC0-301F-11D3-BF4B-00C04F79EFBC}") = "KoleServis", "KoleServis\KoleServis.csproj", "{1A77931F-6A6F-4CE1-A457-2E0741AB505E}"
EndProject
Global
	GlobalSection(SolutionConfigurationPlatforms) = preSolution
		Debug|Any CPU = Debug|Any CPU
		Release|Any CPU = Release|Any CPU
	EndGlobalSection
	GlobalSection(ProjectConfigurationPlatforms) = postSolution
		{1A77931F-6A6F-4CE1-A457-2E0741AB505E}.Debug|Any CPU.ActiveCfg = Debug|Any CPU
		{1A77931F-6A6F-4CE1-A457-2E0741AB505E}.Debug|Any CPU.Build.0 = Debug|Any CPU
		{1A77931F-6A6F-4CE1-A457-2E0741AB505E}.Release|Any CPU.ActiveCfg = Release|Any CPU
		{1A77931F-6A6F-4CE1-A457-2E0741AB505E}.Release|Any CPU.Build.0 = Release|Any CPU
	EndGlobalSection
	GlobalSection(SolutionProperties) = preSolution
		HideSolutionNode = FALSE
	EndGlobalSection
	GlobalSection(ExtensibilityGlobals) = postSolution
		SolutionGuid = {22B52EDF-6286-42AD-9518-626C08BD8EA1}
	EndGlobalSection
EndGlobal
